{
  "name": "9demnex.github.io",
  "lockfileVersion": 3,
  "requires": true,
  "packages": {
    "": {
      "dependencies": {
        "@stefanjudis/sparkly-text": "^1.0.10"
      }
    },
    "node_modules/@stefanjudis/sparkly-text": {
      "version": "1.0.10",
      "resolved": "https://registry.npmjs.org/@stefanjudis/sparkly-text/-/sparkly-text-1.0.10.tgz",
      "integrity": "sha512-an4P5/95yHrOFWBAcISx5y9frOa+zgo/U31sNVEAB8JgnPU2cum6HIIHMlH94fMz0VZShlCVdGneujCOs55OMw=="
    }
  }
}
